
Microsoft Visual Studio Solution File, Format Version 12.00
# Visual Studio Version 17
VisualStudioVersion = 17.5.33516.290
MinimumVisualStudioVersion = 10.0.40219.1
Project("{9A19103F-16F7-4668-BE54-9A1E7A4F7556}") = "ChatApp.API", "ChatApp.API.csproj", "{FF6B6285-0F12-4A26-8445-9DEE21BA9793}"
EndProject
Project("{9A19103F-16F7-4668-BE54-9A1E7A4F7556}") = "Chat.Blazor.Server", "..\Chat.Blazor.Server\Chat.Blazor.Server.csproj", "{193055CA-122E-4DAC-9D03-BC4F740D7A9B}"
EndProject
Project("{9A19103F-16F7-4668-BE54-9A1E7A4F7556}") = "Chat.DAL", "..\Chat.DAL\Chat.DAL.csproj", "{00F7D46E-7738-43BE-AB00-2E9F574A7413}"
EndProject
Project("{9A19103F-16F7-4668-BE54-9A1E7A4F7556}") = "Chat.BLL", "..\Chat.BLL\Chat.BLL.csproj", "{103A1175-67F8-42ED-9F7B-47460CBF8C02}"
EndProject
Project("{00D1A9C2-B5F0-4AF3-8072-F6C62B433612}") = "Chat3000.Database", "..\Chat3000.Database\Chat3000.Database.sqlproj", "{7AD2B824-942C-4DE6-8D5E-946FA3D9834D}"
EndProject
Project("{9A19103F-16F7-4668-BE54-9A1E7A4F7556}") = "Chat.Tests", "..\Chat.Tests\Chat.Tests.csproj", "{61E9F59C-24F1-4457-808B-CCED7F659299}"
EndProject
Project("{FAE04EC0-301F-11D3-BF4B-00C04F79EFBC}") = "Chat.Integration.Tests", "..\Chat.Integration.Tests\Chat.Integration.Tests.csproj", "{176B191C-B230-404D-8EBD-657644D06894}"
EndProject
Global
	GlobalSection(SolutionConfigurationPlatforms) = preSolution
		Debug|Any CPU = Debug|Any CPU
		Release|Any CPU = Release|Any CPU
	EndGlobalSection
	GlobalSection(ProjectConfigurationPlatforms) = postSolution
		{FF6B6285-0F12-4A26-8445-9DEE21BA9793}.Debug|Any CPU.ActiveCfg = Debug|Any CPU
		{FF6B6285-0F12-4A26-8445-9DEE21BA9793}.Debug|Any CPU.Build.0 = Debug|Any CPU
		{FF6B6285-0F12-4A26-8445-9DEE21BA9793}.Release|Any CPU.ActiveCfg = Release|Any CPU
		{FF6B6285-0F12-4A26-8445-9DEE21BA9793}.Release|Any CPU.Build.0 = Release|Any CPU
		{193055CA-122E-4DAC-9D03-BC4F740D7A9B}.Debug|Any CPU.ActiveCfg = Debug|Any CPU
		{193055CA-122E-4DAC-9D03-BC4F740D7A9B}.Debug|Any CPU.Build.0 = Debug|Any CPU
		{193055CA-122E-4DAC-9D03-BC4F740D7A9B}.Release|Any CPU.ActiveCfg = Release|Any CPU
		{193055CA-122E-4DAC-9D03-BC4F740D7A9B}.Release|Any CPU.Build.0 = Release|Any CPU
		{00F7D46E-7738-43BE-AB00-2E9F574A7413}.Debug|Any CPU.ActiveCfg = Debug|Any CPU
		{00F7D46E-7738-43BE-AB00-2E9F574A7413}.Debug|Any CPU.Build.0 = Debug|Any CPU
		{00F7D46E-7738-43BE-AB00-2E9F574A7413}.Release|Any CPU.ActiveCfg = Release|Any CPU
		{00F7D46E-7738-43BE-AB00-2E9F574A7413}.Release|Any CPU.Build.0 = Release|Any CPU
		{103A1175-67F8-42ED-9F7B-47460CBF8C02}.Debug|Any CPU.ActiveCfg = Debug|Any CPU
		{103A1175-67F8-42ED-9F7B-47460CBF8C02}.Debug|Any CPU.Build.0 = Debug|Any CPU
		{103A1175-67F8-42ED-9F7B-47460CBF8C02}.Release|Any CPU.ActiveCfg = Release|Any CPU
		{103A1175-67F8-42ED-9F7B-47460CBF8C02}.Release|Any CPU.Build.0 = Release|Any CPU
		{7AD2B824-942C-4DE6-8D5E-946FA3D9834D}.Debug|Any CPU.ActiveCfg = Debug|Any CPU
		{7AD2B824-942C-4DE6-8D5E-946FA3D9834D}.Debug|Any CPU.Build.0 = Debug|Any CPU
		{7AD2B824-942C-4DE6-8D5E-946FA3D9834D}.Debug|Any CPU.Deploy.0 = Debug|Any CPU
		{7AD2B824-942C-4DE6-8D5E-946FA3D9834D}.Release|Any CPU.ActiveCfg = Release|Any CPU
		{7AD2B824-942C-4DE6-8D5E-946FA3D9834D}.Release|Any CPU.Build.0 = Release|Any CPU
		{7AD2B824-942C-4DE6-8D5E-946FA3D9834D}.Release|Any CPU.Deploy.0 = Release|Any CPU
		{61E9F59C-24F1-4457-808B-CCED7F659299}.Debug|Any CPU.ActiveCfg = Debug|Any CPU
		{61E9F59C-24F1-4457-808B-CCED7F659299}.Debug|Any CPU.Build.0 = Debug|Any CPU
		{61E9F59C-24F1-4457-808B-CCED7F659299}.Release|Any CPU.ActiveCfg = Release|Any CPU
		{61E9F59C-24F1-4457-808B-CCED7F659299}.Release|Any CPU.Build.0 = Release|Any CPU
		{176B191C-B230-404D-8EBD-657644D06894}.Debug|Any CPU.ActiveCfg = Debug|Any CPU
		{176B191C-B230-404D-8EBD-657644D06894}.Debug|Any CPU.Build.0 = Debug|Any CPU
		{176B191C-B230-404D-8EBD-657644D06894}.Release|Any CPU.ActiveCfg = Release|Any CPU
		{176B191C-B230-404D-8EBD-657644D06894}.Release|Any CPU.Build.0 = Release|Any CPU
	EndGlobalSection
	GlobalSection(SolutionProperties) = preSolution
		HideSolutionNode = FALSE
	EndGlobalSection
	GlobalSection(ExtensibilityGlobals) = postSolution
		SolutionGuid = {9FCF7A90-D0D7-44E0-A547-D71F13EDC17E}
	EndGlobalSection
EndGlobal
